// !$*UTF8*$!
{
	archiveVersion = 1;
	classes = {
	};
	objectVersion = 46;
	objects = {

/* Begin PBXBuildFile section */
		844E5DFA19E14B7800925D62 /* Foundation.framework in Frameworks */ = {isa = PBXBuildFile; fileRef = 844E5DF919E14B7800925D62 /* Foundation.framework */; };
		844E5DFC19E14B7800925D62 /* CoreGraphics.framework in Frameworks */ = {isa = PBXBuildFile; fileRef = 844E5DFB19E14B7800925D62 /* CoreGraphics.framework */; };
		844E5DFE19E14B7800925D62 /* UIKit.framework in Frameworks */ = {isa = PBXBuildFile; fileRef = 844E5DFD19E14B7800925D62 /* UIKit.framework */; };
		844E5E0419E14B7800925D62 /* InfoPlist.strings in Resources */ = {isa = PBXBuildFile; fileRef = 844E5E0219E14B7800925D62 /* InfoPlist.strings */; };
		844E5E0619E14B7800925D62 /* main.m in Sources */ = {isa = PBXBuildFile; fileRef = 844E5E0519E14B7800925D62 /* main.m */; };
		844E5E0A19E14B7800925D62 /* AppDelegate.m in Sources */ = {isa = PBXBuildFile; fileRef = 844E5E0919E14B7800925D62 /* AppDelegate.m */; };
		844E5E0D19E14B7800925D62 /* Main.storyboard in Resources */ = {isa = PBXBuildFile; fileRef = 844E5E0B19E14B7800925D62 /* Main.storyboard */; };
		844E5E1019E14B7800925D62 /* ViewController.m in Sources */ = {isa = PBXBuildFile; fileRef = 844E5E0F19E14B7800925D62 /* ViewController.m */; };
		844E5E1219E14B7800925D62 /* Images.xcassets in Resources */ = {isa = PBXBuildFile; fileRef = 844E5E1119E14B7800925D62 /* Images.xcassets */; };
		844E5E1919E14B7800925D62 /* XCTest.framework in Frameworks */ = {isa = PBXBuildFile; fileRef = 844E5E1819E14B7800925D62 /* XCTest.framework */; };
		844E5E1A19E14B7800925D62 /* Foundation.framework in Frameworks */ = {isa = PBXBuildFile; fileRef = 844E5DF919E14B7800925D62 /* Foundation.framework */; };
		844E5E1B19E14B7800925D62 /* UIKit.framework in Frameworks */ = {isa = PBXBuildFile; fileRef = 844E5DFD19E14B7800925D62 /* UIKit.framework */; };
		844E5E2319E14B7800925D62 /* InfoPlist.strings in Resources */ = {isa = PBXBuildFile; fileRef = 844E5E2119E14B7800925D62 /* InfoPlist.strings */; };
		844E5E2519E14B7800925D62 /* GitProjectTests.m in Sources */ = {isa = PBXBuildFile; fileRef = 844E5E2419E14B7800925D62 /* GitProjectTests.m */; };
		8482D35019E159A500F84D75 /* button_ry.png in Resources */ = {isa = PBXBuildFile; fileRef = 8482D34F19E159A500F84D75 /* button_ry.png */; };
/* End PBXBuildFile section */

/* Begin PBXContainerItemProxy section */
		844E5E1C19E14B7800925D62 /* PBXContainerItemProxy */ = {
			isa = PBXContainerItemProxy;
			containerPortal = 844E5DEE19E14B7800925D62 /* Project object */;
			proxyType = 1;
			remoteGlobalIDString = 844E5DF519E14B7800925D62;
			remoteInfo = GitProject;
		};
/* End PBXContainerItemProxy section */

/* Begin PBXFileReference section */
		844E5DF619E14B7800925D62 /* GitProject.app */ = {isa = PBXFileReference; explicitFileType = wrapper.application; includeInIndex = 0; path = GitProject.app; sourceTree = BUILT_PRODUCTS_DIR; };
		844E5DF919E14B7800925D62 /* Foundation.framework */ = {isa = PBXFileReference; lastKnownFileType = wrapper.framework; name = Foundation.framework; path = System/Library/Frameworks/Foundation.framework; sourceTree = SDKROOT; };
		844E5DFB19E14B7800925D62 /* CoreGraphics.framework */ = {isa = PBXFileReference; lastKnownFileType = wrapper.framework; name = CoreGraphics.framework; path = System/Library/Frameworks/CoreGraphics.framework; sourceTree = SDKROOT; };
		844E5DFD19E14B7800925D62 /* UIKit.framework */ = {isa = PBXFileReference; lastKnownFileType = wrapper.framework; name = UIKit.framework; path = System/Library/Frameworks/UIKit.framework; sourceTree = SDKROOT; };
		844E5E0119E14B7800925D62 /* GitProject-Info.plist */ = {isa = PBXFileReference; lastKnownFileType = text.plist.xml; path = "GitProject-Info.plist"; sourceTree = "<group>"; };
		844E5E0319E14B7800925D62 /* en */ = {isa = PBXFileReference; lastKnownFileType = text.plist.strings; name = en; path = en.lproj/InfoPlist.strings; sourceTree = "<group>"; };
		844E5E0519E14B7800925D62 /* main.m */ = {isa = PBXFileReference; lastKnownFileType = sourcecode.c.objc; path = main.m; sourceTree = "<group>"; };
		844E5E0719E14B7800925D62 /* GitProject-Prefix.pch */ = {isa = PBXFileReference; lastKnownFileType = sourcecode.c.h; path = "GitProject-Prefix.pch"; sourceTree = "<group>"; };
		844E5E0819E14B7800925D62 /* AppDelegate.h */ = {isa = PBXFileReference; lastKnownFileType = sourcecode.c.h; path = AppDelegate.h; sourceTree = "<group>"; };
		844E5E0919E14B7800925D62 /* AppDelegate.m */ = {isa = PBXFileReference; lastKnownFileType = sourcecode.c.objc; path = AppDelegate.m; sourceTree = "<group>"; };
		844E5E0C19E14B7800925D62 /* Base */ = {isa = PBXFileReference; lastKnownFileType = file.storyboard; name = Base; path = Base.lproj/Main.storyboard; sourceTree = "<group>"; };
		844E5E0E19E14B7800925D62 /* ViewController.h */ = {isa = PBXFileReference; lastKnownFileType = sourcecode.c.h; path = ViewController.h; sourceTree = "<group>"; };
		844E5E0F19E14B7800925D62 /* ViewController.m */ = {isa = PBXFileReference; lastKnownFileType = sourcecode.c.objc; path = ViewController.m; sourceTree = "<group>"; };
		844E5E1119E14B7800925D62 /* Images.xcassets */ = {isa = PBXFileReference; lastKnownFileType = folder.assetcatalog; path = Images.xcassets; sourceTree = "<group>"; };
		844E5E1719E14B7800925D62 /* GitProjectTests.xctest */ = {isa = PBXFileReference; explicitFileType = wrapper.cfbundle; includeInIndex = 0; path = GitProjectTests.xctest; sourceTree = BUILT_PRODUCTS_DIR; };
		844E5E1819E14B7800925D62 /* XCTest.framework */ = {isa = PBXFileReference; lastKnownFileType = wrapper.framework; name = XCTest.framework; path = Library/Frameworks/XCTest.framework; sourceTree = DEVELOPER_DIR; };
		844E5E2019E14B7800925D62 /* GitProjectTests-Info.plist */ = {isa = PBXFileReference; lastKnownFileType = text.plist.xml; path = "GitProjectTests-Info.plist"; sourceTree = "<group>"; };
		844E5E2219E14B7800925D62 /* en */ = {isa = PBXFileReference; lastKnownFileType = text.plist.strings; name = en; path = en.lproj/InfoPlist.strings; sourceTree = "<group>"; };
		844E5E2419E14B7800925D62 /* GitProjectTests.m */ = {isa = PBXFileReference; lastKnownFileType = sourcecode.c.objc; path = GitProjectTests.m; sourceTree = "<group>"; };
		8482D34F19E159A500F84D75 /* button_ry.png */ = {isa = PBXFileReference; lastKnownFileType = image.png; path = button_ry.png; sourceTree = "<group>"; };
/* End PBXFileReference section */

/* Begin PBXFrameworksBuildPhase section */
		844E5DF319E14B7800925D62 /* Frameworks */ = {
			isa = PBXFrameworksBuildPhase;
			buildActionMask = 2147483647;
			files = (
				844E5DFC19E14B7800925D62 /* CoreGraphics.framework in Frameworks */,
				844E5DFE19E14B7800925D62 /* UIKit.framework in Frameworks */,
				844E5DFA19E14B7800925D62 /* Foundation.framework in Frameworks */,
			);
			runOnlyForDeploymentPostprocessing = 0;
		};
		844E5E1419E14B7800925D62 /* Frameworks */ = {
			isa = PBXFrameworksBuildPhase;
			buildActionMask = 2147483647;
			files = (
				844E5E1919E14B7800925D62 /* XCTest.framework in Frameworks */,
				844E5E1B19E14B7800925D62 /* UIKit.framework in Frameworks */,
				844E5E1A19E14B7800925D62 /* Foundation.framework in Frameworks */,
			);
			runOnlyForDeploymentPostprocessing = 0;
		};
/* End PBXFrameworksBuildPhase section */

/* Begin PBXGroup section */
		844E5DED19E14B7800925D62 = {
			isa = PBXGroup;
			children = (
				844E5DFF19E14B7800925D62 /* GitProject */,
				844E5E1E19E14B7800925D62 /* GitProjectTests */,
				844E5DF819E14B7800925D62 /* Frameworks */,
				844E5DF719E14B7800925D62 /* Products */,
			);
			sourceTree = "<group>";
		};
		844E5DF719E14B7800925D62 /* Products */ = {
			isa = PBXGroup;
			children = (
				844E5DF619E14B7800925D62 /* GitProject.app */,
				844E5E1719E14B7800925D62 /* GitProjectTests.xctest */,
			);
			name = Products;
			sourceTree = "<group>";
		};
		844E5DF819E14B7800925D62 /* Frameworks */ = {
			isa = PBXGroup;
			children = (
				844E5DF919E14B7800925D62 /* Foundation.framework */,
				844E5DFB19E14B7800925D62 /* CoreGraphics.framework */,
				844E5DFD19E14B7800925D62 /* UIKit.framework */,
				844E5E1819E14B7800925D62 /* XCTest.framework */,
			);
			name = Frameworks;
			sourceTree = "<group>";
		};
		844E5DFF19E14B7800925D62 /* GitProject */ = {
			isa = PBXGroup;
			children = (
				844E5E0819E14B7800925D62 /* AppDelegate.h */,
				844E5E0919E14B7800925D62 /* AppDelegate.m */,
				844E5E0B19E14B7800925D62 /* Main.storyboard */,
				844E5E0E19E14B7800925D62 /* ViewController.h */,
				844E5E0F19E14B7800925D62 /* ViewController.m */,
				844E5E1119E14B7800925D62 /* Images.xcassets */,
				844E5E0019E14B7800925D62 /* Supporting Files */,
			);
			path = GitProject;
			sourceTree = "<group>";
		};
		844E5E0019E14B7800925D62 /* Supporting Files */ = {
			isa = PBXGroup;
			children = (
				8482D34F19E159A500F84D75 /* button_ry.png */,
				844E5E0119E14B7800925D62 /* GitProject-Info.plist */,
				844E5E0219E14B7800925D62 /* InfoPlist.strings */,
				844E5E0519E14B7800925D62 /* main.m */,
				844E5E0719E14B7800925D62 /* GitProject-Prefix.pch */,
			);
			name = "Supporting Files";
			sourceTree = "<group>";
		};
		844E5E1E19E14B7800925D62 /* GitProjectTests */ = {
			isa = PBXGroup;
			children = (
				844E5E2419E14B7800925D62 /* GitProjectTests.m */,
				844E5E1F19E14B7800925D62 /* Supporting Files */,
			);
			path = GitProjectTests;
			sourceTree = "<group>";
		};
		844E5E1F19E14B7800925D62 /* Supporting Files */ = {
			isa = PBXGroup;
			children = (
				844E5E2019E14B7800925D62 /* GitProjectTests-Info.plist */,
				844E5E2119E14B7800925D62 /* InfoPlist.strings */,
			);
			name = "Supporting Files";
			sourceTree = "<group>";
		};
/* End PBXGroup section */

/* Begin PBXNativeTarget section */
		844E5DF519E14B7800925D62 /* GitProject */ = {
			isa = PBXNativeTarget;
			buildConfigurationList = 844E5E2819E14B7800925D62 /* Build configuration list for PBXNativeTarget "GitProject" */;
			buildPhases = (
				844E5DF219E14B7800925D62 /* Sources */,
				844E5DF319E14B7800925D62 /* Frameworks */,
				844E5DF419E14B7800925D62 /* Resources */,
			);
			buildRules = (
			);
			dependencies = (
			);
			name = GitProject;
			productName = GitProject;
			productReference = 844E5DF619E14B7800925D62 /* GitProject.app */;
			productType = "com.apple.product-type.application";
		};
		844E5E1619E14B7800925D62 /* GitProjectTests */ = {
			isa = PBXNativeTarget;
			buildConfigurationList = 844E5E2B19E14B7800925D62 /* Build configuration list for PBXNativeTarget "GitProjectTests" */;
			buildPhases = (
				844E5E1319E14B7800925D62 /* Sources */,
				844E5E1419E14B7800925D62 /* Frameworks */,
				844E5E1519E14B7800925D62 /* Resources */,
			);
			buildRules = (
			);
			dependencies = (
				844E5E1D19E14B7800925D62 /* PBXTargetDependency */,
			);
			name = GitProjectTests;
			productName = GitProjectTests;
			productReference = 844E5E1719E14B7800925D62 /* GitProjectTests.xctest */;
			productType = "com.apple.product-type.bundle.unit-test";
		};
/* End PBXNativeTarget section */

/* Begin PBXProject section */
		844E5DEE19E14B7800925D62 /* Project object */ = {
			isa = PBXProject;
			attributes = {
				LastUpgradeCheck = 0510;
				ORGANIZATIONNAME = LembergSun;
				TargetAttributes = {
					844E5E1619E14B7800925D62 = {
						TestTargetID = 844E5DF519E14B7800925D62;
					};
				};
			};
			buildConfigurationList = 844E5DF119E14B7800925D62 /* Build configuration list for PBXProject "GitProject" */;
			compatibilityVersion = "Xcode 3.2";
			developmentRegion = English;
			hasScannedForEncodings = 0;
			knownRegions = (
				en,
				Base,
			);
			mainGroup = 844E5DED19E14B7800925D62;
			productRefGroup = 844E5DF719E14B7800925D62 /* Products */;
			projectDirPath = "";
			projectRoot = "";
			targets = (
				844E5DF519E14B7800925D62 /* GitProject */,
				844E5E1619E14B7800925D62 /* GitProjectTests */,
			);
		};
/* End PBXProject section */

/* Begin PBXResourcesBuildPhase section */
		844E5DF419E14B7800925D62 /* Resources */ = {
			isa = PBXResourcesBuildPhase;
			buildActionMask = 2147483647;
			files = (
				844E5E1219E14B7800925D62 /* Images.xcassets in Resources */,
				844E5E0419E14B7800925D62 /* InfoPlist.strings in Resources */,
				8482D35019E159A500F84D75 /* button_ry.png in Resources */,
				844E5E0D19E14B7800925D62 /* Main.storyboard in Resources */,
			);
			runOnlyForDeploymentPostprocessing = 0;
		};
		844E5E1519E14B7800925D62 /* Resources */ = {
			isa = PBXResourcesBuildPhase;
			buildActionMask = 2147483647;
			files = (
				844E5E2319E14B7800925D62 /* InfoPlist.strings in Resources */,
			);
			runOnlyForDeploymentPostprocessing = 0;
		};
/* End PBXResourcesBuildPhase section */

/* Begin PBXSourcesBuildPhase section */
		844E5DF219E14B7800925D62 /* Sources */ = {
			isa = PBXSourcesBuildPhase;
			buildActionMask = 2147483647;
			files = (
				844E5E1019E14B7800925D62 /* ViewController.m in Sources */,
				844E5E0A19E14B7800925D62 /* AppDelegate.m in Sources */,
				844E5E0619E14B7800925D62 /* main.m in Sources */,
			);
			runOnlyForDeploymentPostprocessing = 0;
		};
		844E5E1319E14B7800925D62 /* Sources */ = {
			isa = PBXSourcesBuildPhase;
			buildActionMask = 2147483647;
			files = (
				844E5E2519E14B7800925D62 /* GitProjectTests.m in Sources */,
			);
			runOnlyForDeploymentPostprocessing = 0;
		};
/* End PBXSourcesBuildPhase section */

/* Begin PBXTargetDependency section */
		844E5E1D19E14B7800925D62 /* PBXTargetDependency */ = {
			isa = PBXTargetDependency;
			target = 844E5DF519E14B7800925D62 /* GitProject */;
			targetProxy = 844E5E1C19E14B7800925D62 /* PBXContainerItemProxy */;
		};
/* End PBXTargetDependency section */

/* Begin PBXVariantGroup section */
		844E5E0219E14B7800925D62 /* InfoPlist.strings */ = {
			isa = PBXVariantGroup;
			children = (
				844E5E0319E14B7800925D62 /* en */,
			);
			name = InfoPlist.strings;
			sourceTree = "<group>";
		};
		844E5E0B19E14B7800925D62 /* Main.storyboard */ = {
			isa = PBXVariantGroup;
			children = (
				844E5E0C19E14B7800925D62 /* Base */,
			);
			name = Main.storyboard;
			sourceTree = "<group>";
		};
		844E5E2119E14B7800925D62 /* InfoPlist.strings */ = {
			isa = PBXVariantGroup;
			children = (
				844E5E2219E14B7800925D62 /* en */,
			);
			name = InfoPlist.strings;
			sourceTree = "<group>";
		};
/* End PBXVariantGroup section */

/* Begin XCBuildConfiguration section */
		844E5E2619E14B7800925D62 /* Debug */ = {
			isa = XCBuildConfiguration;
			buildSettings = {
				ALWAYS_SEARCH_USER_PATHS = NO;
				CLANG_CXX_LANGUAGE_STANDARD = "gnu++0x";
				CLANG_CXX_LIBRARY = "libc++";
				CLANG_ENABLE_MODULES = YES;
				CLANG_ENABLE_OBJC_ARC = YES;
				CLANG_WARN_BOOL_CONVERSION = YES;
				CLANG_WARN_CONSTANT_CONVERSION = YES;
				CLANG_WARN_DIRECT_OBJC_ISA_USAGE = YES_ERROR;
				CLANG_WARN_EMPTY_BODY = YES;
				CLANG_WARN_ENUM_CONVERSION = YES;
				CLANG_WARN_INT_CONVERSION = YES;
				CLANG_WARN_OBJC_ROOT_CLASS = YES_ERROR;
				CLANG_WARN__DUPLICATE_METHOD_MATCH = YES;
				"CODE_SIGN_IDENTITY[sdk=iphoneos*]" = "iPhone Developer";
				COPY_PHASE_STRIP = NO;
				GCC_C_LANGUAGE_STANDARD = gnu99;
				GCC_DYNAMIC_NO_PIC = NO;
				GCC_OPTIMIZATION_LEVEL = 0;
				GCC_PREPROCESSOR_DEFINITIONS = (
					"DEBUG=1",
					"$(inherited)",
				);
				GCC_SYMBOLS_PRIVATE_EXTERN = NO;
				GCC_WARN_64_TO_32_BIT_CONVERSION = YES;
				GCC_WARN_ABOUT_RETURN_TYPE = YES_ERROR;
				GCC_WARN_UNDECLARED_SELECTOR = YES;
				GCC_WARN_UNINITIALIZED_AUTOS = YES_AGGRESSIVE;
				GCC_WARN_UNUSED_FUNCTION = YES;
				GCC_WARN_UNUSED_VARIABLE = YES;
				IPHONEOS_DEPLOYMENT_TARGET = 7.1;
				ONLY_ACTIVE_ARCH = YES;
				SDKROOT = iphoneos;
			};
			name = Debug;
		};
		844E5E2719E14B7800925D62 /* Release */ = {
			isa = XCBuildConfiguration;
			buildSettings = {
				ALWAYS_SEARCH_USER_PATHS = NO;
				CLANG_CXX_LANGUAGE_STANDARD = "gnu++0x";
				CLANG_CXX_LIBRARY = "libc++";
				CLANG_ENABLE_MODULES = YES;
				CLANG_ENABLE_OBJC_ARC = YES;
				CLANG_WARN_BOOL_CONVERSION = YES;
				CLANG_WARN_CONSTANT_CONVERSION = YES;
				CLANG_WARN_DIRECT_OBJC_ISA_USAGE = YES_ERROR;
				CLANG_WARN_EMPTY_BODY = YES;
				CLANG_WARN_ENUM_CONVERSION = YES;
				CLANG_WARN_INT_CONVERSION = YES;
				CLANG_WARN_OBJC_ROOT_CLASS = YES_ERROR;
				CLANG_WARN__DUPLICATE_METHOD_MATCH = YES;
				"CODE_SIGN_IDENTITY[sdk=iphoneos*]" = "iPhone Developer";
				COPY_PHASE_STRIP = YES;
				ENABLE_NS_ASSERTIONS = NO;
				GCC_C_LANGUAGE_STANDARD = gnu99;
				GCC_WARN_64_TO_32_BIT_CONVERSION = YES;
				GCC_WARN_ABOUT_RETURN_TYPE = YES_ERROR;
				GCC_WARN_UNDECLARED_SELECTOR = YES;
				GCC_WARN_UNINITIALIZED_AUTOS = YES_AGGRESSIVE;
				GCC_WARN_UNUSED_FUNCTION = YES;
				GCC_WARN_UNUSED_VARIABLE = YES;
				IPHONEOS_DEPLOYMENT_TARGET = 7.1;
				SDKROOT = iphoneos;
				VALIDATE_PRODUCT = YES;
			};
			name = Release;
		};
		844E5E2919E14B7800925D62 /* Debug */ = {
			isa = XCBuildConfiguration;
			buildSettings = {
				ASSETCATALOG_COMPILER_APPICON_NAME = AppIcon;
				ASSETCATALOG_COMPILER_LAUNCHIMAGE_NAME = LaunchImage;
				GCC_PRECOMPILE_PREFIX_HEADER = YES;
				GCC_PREFIX_HEADER = "GitProject/GitProject-Prefix.pch";
				INFOPLIST_FILE = "GitProject/GitProject-Info.plist";
				PRODUCT_NAME = "$(TARGET_NAME)";
				WRAPPER_EXTENSION = app;
			};
			name = Debug;
		};
		844E5E2A19E14B7800925D62 /* Release */ = {
			isa = XCBuildConfiguration;
			buildSettings = {
				ASSETCATALOG_COMPILER_APPICON_NAME = AppIcon;
				ASSETCATALOG_COMPILER_LAUNCHIMAGE_NAME = LaunchImage;
				GCC_PRECOMPILE_PREFIX_HEADER = YES;
				GCC_PREFIX_HEADER = "GitProject/GitProject-Prefix.pch";
				INFOPLIST_FILE = "GitProject/GitProject-Info.plist";
				PRODUCT_NAME = "$(TARGET_NAME)";
				WRAPPER_EXTENSION = app;
			};
			name = Release;
		};
		844E5E2C19E14B7800925D62 /* Debug */ = {
			isa = XCBuildConfiguration;
			buildSettings = {
				BUNDLE_LOADER = "$(BUILT_PRODUCTS_DIR)/GitProject.app/GitProject";
				FRAMEWORK_SEARCH_PATHS = (
					"$(SDKROOT)/Developer/Library/Frameworks",
					"$(inherited)",
					"$(DEVELOPER_FRAMEWORKS_DIR)",
				);
				GCC_PRECOMPILE_PREFIX_HEADER = YES;
				GCC_PREFIX_HEADER = "GitProject/GitProject-Prefix.pch";
				GCC_PREPROCESSOR_DEFINITIONS = (
					"DEBUG=1",
					"$(inherited)",
				);
				INFOPLIST_FILE = "GitProjectTests/GitProjectTests-Info.plist";
				PRODUCT_NAME = "$(TARGET_NAME)";
				TEST_HOST = "$(BUNDLE_LOADER)";
				WRAPPER_EXTENSION = xctest;
			};
			name = Debug;
		};
		844E5E2D19E14B7800925D62 /* Release */ = {
			isa = XCBuildConfiguration;
			buildSettings = {
				BUNDLE_LOADER = "$(BUILT_PRODUCTS_DIR)/GitProject.app/GitProject";
				FRAMEWORK_SEARCH_PATHS = (
					"$(SDKROOT)/Developer/Library/Frameworks",
					"$(inherited)",
					"$(DEVELOPER_FRAMEWORKS_DIR)",
				);
				GCC_PRECOMPILE_PREFIX_HEADER = YES;
				GCC_PREFIX_HEADER = "GitProject/GitProject-Prefix.pch";
				INFOPLIST_FILE = "GitProjectTests/GitProjectTests-Info.plist";
				PRODUCT_NAME = "$(TARGET_NAME)";
				TEST_HOST = "$(BUNDLE_LOADER)";
				WRAPPER_EXTENSION = xctest;
			};
			name = Release;
		};
/* End XCBuildConfiguration section */

/* Begin XCConfigurationList section */
		844E5DF119E14B7800925D62 /* Build configuration list for PBXProject "GitProject" */ = {
			isa = XCConfigurationList;
			buildConfigurations = (
				844E5E2619E14B7800925D62 /* Debug */,
				844E5E2719E14B7800925D62 /* Release */,
			);
			defaultConfigurationIsVisible = 0;
			defaultConfigurationName = Release;
		};
		844E5E2819E14B7800925D62 /* Build configuration list for PBXNativeTarget "GitProject" */ = {
			isa = XCConfigurationList;
			buildConfigurations = (
				844E5E2919E14B7800925D62 /* Debug */,
				844E5E2A19E14B7800925D62 /* Release */,
			);
			defaultConfigurationIsVisible = 0;
			defaultConfigurationName = Release;
		};
		844E5E2B19E14B7800925D62 /* Build configuration list for PBXNativeTarget "GitProjectTests" */ = {
			isa = XCConfigurationList;
			buildConfigurations = (
				844E5E2C19E14B7800925D62 /* Debug */,
				844E5E2D19E14B7800925D62 /* Release */,
			);
			defaultConfigurationIsVisible = 0;
			defaultConfigurationName = Release;
		};
/* End XCConfigurationList section */
	};
	rootObject = 844E5DEE19E14B7800925D62 /* Project object */;
}
